
Microsoft Visual Studio Solution File, Format Version 12.00
# Visual Studio Version 17
VisualStudioVersion = 17.2.32630.192
MinimumVisualStudioVersion = 10.0.40219.1
Project("{9A19103F-16F7-4668-BE54-9A1E7A4F7556}") = "R5T.Z0075.Construction", "R5T.Z0075.Construction\R5T.Z0075.Construction.csproj", "{F811FD51-A792-48B2-9ED2-38C12FFE8C11}"
EndProject
Project("{9A19103F-16F7-4668-BE54-9A1E7A4F7556}") = "R5T.Z0075", "R5T.Z0075\R5T.Z0075.csproj", "{D3C8EEA0-3881-42F9-AB14-93A88D9DDF67}"
EndProject
Project("{9A19103F-16F7-4668-BE54-9A1E7A4F7556}") = "R5T.Z0075.Z001", "R5T.Z0075.Z001\R5T.Z0075.Z001.csproj", "{C18E2D28-EB25-42B7-919D-BDEF9031E3A9}"
EndProject
Project("{2150E333-8FDC-42A3-9474-1A3956D46DE8}") = "_Dependencies", "_Dependencies", "{308643BA-E7C4-4E24-A262-E975A7F76E4A}"
EndProject
Project("{9A19103F-16F7-4668-BE54-9A1E7A4F7556}") = "R5T.F0000", "..\..\R5T.F0000\source\R5T.F0000\R5T.F0000.csproj", "{BBD8A853-CDB9-4AEE-BEF1-332F4692C5C1}"
EndProject
Project("{9A19103F-16F7-4668-BE54-9A1E7A4F7556}") = "R5T.F0002", "..\..\R5T.F0002\source\R5T.F0002\R5T.F0002.csproj", "{F790D83D-1804-4284-8E7A-6532B7BA18B6}"
EndProject
Project("{9A19103F-16F7-4668-BE54-9A1E7A4F7556}") = "R5T.F0059", "..\..\R5T.F0059\source\R5T.F0059\R5T.F0059.csproj", "{695317EA-8106-4776-BB62-AEEE215156BC}"
EndProject
Project("{9A19103F-16F7-4668-BE54-9A1E7A4F7556}") = "R5T.F0120", "..\..\R5T.F0120\source\R5T.F0120\R5T.F0120.csproj", "{C79CF089-B74C-4397-A2A4-DD0A51535B7B}"
EndProject
Project("{9A19103F-16F7-4668-BE54-9A1E7A4F7556}") = "R5T.F0124", "..\..\R5T.F0124\source\R5T.F0124\R5T.F0124.csproj", "{185FD112-B04A-4CF8-9BD7-77D44DE022C5}"
EndProject
Project("{9A19103F-16F7-4668-BE54-9A1E7A4F7556}") = "R5T.F0125", "..\..\R5T.F0125\source\R5T.F0125\R5T.F0125.csproj", "{50143865-3010-4AFD-98C6-485D7F2ABF82}"
EndProject
Project("{9A19103F-16F7-4668-BE54-9A1E7A4F7556}") = "R5T.L0030.T000", "..\..\R5T.L0030\source\R5T.L0030.T000\R5T.L0030.T000.csproj", "{AFC2DE59-E4F3-469E-A01E-315F77626A1F}"
EndProject
Project("{9A19103F-16F7-4668-BE54-9A1E7A4F7556}") = "R5T.L0030", "..\..\R5T.L0030\source\R5T.L0030\R5T.L0030.csproj", "{4904CE24-7DC7-4881-9C48-F4EE7C61CDF7}"
EndProject
Project("{9A19103F-16F7-4668-BE54-9A1E7A4F7556}") = "R5T.L0034", "..\..\R5T.L0034\source\R5T.L0034\R5T.L0034.csproj", "{8852895A-1BC6-47B2-A9DD-F76AE2A03FBE}"
EndProject
Project("{9A19103F-16F7-4668-BE54-9A1E7A4F7556}") = "R5T.L0035", "..\..\R5T.L0035\source\R5T.L0035\R5T.L0035.csproj", "{D62156BB-F202-40EB-A602-B1EF822EF40D}"
EndProject
Project("{9A19103F-16F7-4668-BE54-9A1E7A4F7556}") = "R5T.L0053", "..\..\R5T.L0053\source\R5T.L0053\R5T.L0053.csproj", "{D5EB5A1E-EE6A-4CB7-85CF-0B93706FF7B7}"
EndProject
Project("{9A19103F-16F7-4668-BE54-9A1E7A4F7556}") = "R5T.L0056", "..\..\R5T.L0056\source\R5T.L0056\R5T.L0056.csproj", "{215FB127-55EE-4CB9-9915-CA2A6AFDB283}"
EndProject
Project("{9A19103F-16F7-4668-BE54-9A1E7A4F7556}") = "R5T.L0066", "..\..\R5T.L0066\source\R5T.L0066\R5T.L0066.csproj", "{C1300532-6BC0-4AC9-B2E0-D6D7CC32C2E5}"
EndProject
Project("{9A19103F-16F7-4668-BE54-9A1E7A4F7556}") = "R5T.L0071", "..\..\R5T.L0071\source\R5T.L0071\R5T.L0071.csproj", "{A2ABCC3D-1558-476C-9C17-FF344A9C490B}"
EndProject
Project("{9A19103F-16F7-4668-BE54-9A1E7A4F7556}") = "R5T.L0074", "..\..\R5T.L0074\source\R5T.L0074\R5T.L0074.csproj", "{BCB98477-470B-4C9C-BB8B-3F92204D8E3C}"
EndProject
Project("{9A19103F-16F7-4668-BE54-9A1E7A4F7556}") = "R5T.L0089.F000", "..\..\R5T.L0089\source\R5T.L0089.F000\R5T.L0089.F000.csproj", "{00CBD0D6-4684-4C45-B6A8-FA5BB33FCD0A}"
EndProject
Project("{9A19103F-16F7-4668-BE54-9A1E7A4F7556}") = "R5T.L0089.T000", "..\..\R5T.L0089\source\R5T.L0089.T000\R5T.L0089.T000.csproj", "{2BEACA65-0048-4F27-9263-405AA08AE391}"
EndProject
Project("{9A19103F-16F7-4668-BE54-9A1E7A4F7556}") = "R5T.L0089", "..\..\R5T.L0089\source\R5T.L0089\R5T.L0089.csproj", "{9D7188C3-B771-4C66-A0E4-04ED8F9AD138}"
EndProject
Project("{9A19103F-16F7-4668-BE54-9A1E7A4F7556}") = "R5T.NG0006", "..\..\R5T.NG0006\source\R5T.NG0006\R5T.NG0006.csproj", "{2CA00625-F284-4682-A4F4-61801D4D1903}"
EndProject
Project("{9A19103F-16F7-4668-BE54-9A1E7A4F7556}") = "R5T.NG0022", "..\..\R5T.NG0022\source\R5T.NG0022\R5T.NG0022.csproj", "{4C3422CC-C72E-4AE5-90A7-5B6D0DE6E85E}"
EndProject
Project("{9A19103F-16F7-4668-BE54-9A1E7A4F7556}") = "R5T.T0131", "..\..\R5T.T0131\source\R5T.T0131\R5T.T0131.csproj", "{5EE97ED9-9CB1-4086-AB46-85EF38E46D0B}"
EndProject
Project("{9A19103F-16F7-4668-BE54-9A1E7A4F7556}") = "R5T.T0132", "..\..\R5T.T0132\source\R5T.T0132\R5T.T0132.csproj", "{30ED3BF7-AD97-4B8F-9EFB-55759A2B3C20}"
EndProject
Project("{9A19103F-16F7-4668-BE54-9A1E7A4F7556}") = "R5T.T0142", "..\..\R5T.T0142\source\R5T.T0142\R5T.T0142.csproj", "{F6133436-D463-4F20-98A5-A57ADAFF3A0A}"
EndProject
Project("{9A19103F-16F7-4668-BE54-9A1E7A4F7556}") = "R5T.T0143", "..\..\R5T.T0143\source\R5T.T0143\R5T.T0143.csproj", "{49A05D4C-4141-49A6-B4FA-2DA362B5F96C}"
EndProject
Project("{9A19103F-16F7-4668-BE54-9A1E7A4F7556}") = "R5T.T0150", "..\..\R5T.T0150\source\R5T.T0150\R5T.T0150.csproj", "{D188F698-1ACE-4705-A63D-04F041DF5C62}"
EndProject
Project("{9A19103F-16F7-4668-BE54-9A1E7A4F7556}") = "R5T.T0151", "..\..\R5T.T0151\source\R5T.T0151\R5T.T0151.csproj", "{7A784984-DF63-4372-A714-30CF573C5D82}"
EndProject
Project("{9A19103F-16F7-4668-BE54-9A1E7A4F7556}") = "R5T.T0156", "..\..\R5T.T0156\source\R5T.T0156\R5T.T0156.csproj", "{5E3E76F8-93A8-4319-BF09-CA240F05206F}"
EndProject
Project("{9A19103F-16F7-4668-BE54-9A1E7A4F7556}") = "R5T.T0158", "..\..\R5T.T0158\source\R5T.T0158\R5T.T0158.csproj", "{0CB5E510-33A0-498E-A70B-62AAA6881C49}"
EndProject
Project("{9A19103F-16F7-4668-BE54-9A1E7A4F7556}") = "R5T.T0159", "..\..\R5T.T0159\source\R5T.T0159\R5T.T0159.csproj", "{C1F3EF51-0C72-484B-9D48-A78EDEA2BC6F}"
EndProject
Project("{9A19103F-16F7-4668-BE54-9A1E7A4F7556}") = "R5T.T0172", "..\..\R5T.T0172\source\R5T.T0172\R5T.T0172.csproj", "{2C7736E0-32BF-4B0C-A73A-0F366097FE38}"
EndProject
Project("{9A19103F-16F7-4668-BE54-9A1E7A4F7556}") = "R5T.T0174", "..\..\R5T.T0174\source\R5T.T0174\R5T.T0174.csproj", "{668A67CB-D5B6-467A-84D0-A9C3F5C638B4}"
EndProject
Project("{9A19103F-16F7-4668-BE54-9A1E7A4F7556}") = "R5T.T0176", "..\..\R5T.T0176\source\R5T.T0176\R5T.T0176.csproj", "{591DE86D-4AF2-4D59-BA17-2A8ADB054434}"
EndProject
Project("{9A19103F-16F7-4668-BE54-9A1E7A4F7556}") = "R5T.T0177", "..\..\R5T.T0177\source\R5T.T0177\R5T.T0177.csproj", "{3DAB5A3A-9C1B-4C6A-880A-E769CFEEDB9D}"
EndProject
Project("{9A19103F-16F7-4668-BE54-9A1E7A4F7556}") = "R5T.T0178", "..\..\R5T.T0178\source\R5T.T0178\R5T.T0178.csproj", "{2C04A469-3788-413A-9739-A4EA7F0F7688}"
EndProject
Project("{9A19103F-16F7-4668-BE54-9A1E7A4F7556}") = "R5T.T0179", "..\..\R5T.T0179\source\R5T.T0179\R5T.T0179.csproj", "{7BA2DE02-7E06-4A27-91C6-CFE0F408B2E3}"
EndProject
Project("{9A19103F-16F7-4668-BE54-9A1E7A4F7556}") = "R5T.T0180", "..\..\R5T.T0180\source\R5T.T0180\R5T.T0180.csproj", "{6AF7DAD9-CC6F-490C-86BA-2EEA443350E4}"
EndProject
Project("{9A19103F-16F7-4668-BE54-9A1E7A4F7556}") = "R5T.T0181", "..\..\R5T.T0181\source\R5T.T0181\R5T.T0181.csproj", "{0CDCCC28-2060-4EF9-BF40-3784DA37684A}"
EndProject
Project("{9A19103F-16F7-4668-BE54-9A1E7A4F7556}") = "R5T.T0185", "..\..\R5T.T0185\source\R5T.T0185\R5T.T0185.csproj", "{D12E18CE-9577-45BA-A820-276B5DD56364}"
EndProject
Project("{9A19103F-16F7-4668-BE54-9A1E7A4F7556}") = "R5T.T0199.T000", "..\..\R5T.T0199\source\R5T.T0199.T000\R5T.T0199.T000.csproj", "{A5AC3638-6EE0-42F7-A30F-6E320EFD3C37}"
EndProject
Project("{9A19103F-16F7-4668-BE54-9A1E7A4F7556}") = "R5T.T0199.T001", "..\..\R5T.T0199\source\R5T.T0199.T001\R5T.T0199.T001.csproj", "{4EDC8E6E-58CA-445B-80A9-F89F03909B5A}"
EndProject
Project("{9A19103F-16F7-4668-BE54-9A1E7A4F7556}") = "R5T.T0199", "..\..\R5T.T0199\source\R5T.T0199\R5T.T0199.csproj", "{032E9A17-87F0-486B-94E7-693656BC0412}"
EndProject
Project("{9A19103F-16F7-4668-BE54-9A1E7A4F7556}") = "R5T.T0203", "..\..\R5T.T0203\source\R5T.T0203\R5T.T0203.csproj", "{8F3FCAAD-5FD9-40A9-845A-625864995B37}"
EndProject
Project("{9A19103F-16F7-4668-BE54-9A1E7A4F7556}") = "R5T.T0213", "..\..\R5T.T0213\source\R5T.T0213\R5T.T0213.csproj", "{D8AF3CB6-086A-4EEE-8EFC-AF492810D912}"
EndProject
Project("{9A19103F-16F7-4668-BE54-9A1E7A4F7556}") = "R5T.T0218", "..\..\R5T.T0218\source\R5T.T0218\R5T.T0218.csproj", "{9809726C-0EF0-4372-88D0-C291E99A9F1E}"
EndProject
Project("{9A19103F-16F7-4668-BE54-9A1E7A4F7556}") = "R5T.T0219", "..\..\R5T.T0219\source\R5T.T0219\R5T.T0219.csproj", "{CF172AF4-1DB2-41BF-8632-AC8B02B063CE}"
EndProject
Project("{9A19103F-16F7-4668-BE54-9A1E7A4F7556}") = "R5T.T0220", "..\..\R5T.T0220\source\R5T.T0220\R5T.T0220.csproj", "{127FDB70-5778-4998-B328-0D4008426250}"
EndProject
Project("{9A19103F-16F7-4668-BE54-9A1E7A4F7556}") = "R5T.T0221", "..\..\R5T.T0221\source\R5T.T0221\R5T.T0221.csproj", "{24DC4833-8255-4B25-BA72-124F9134956B}"
EndProject
Project("{9A19103F-16F7-4668-BE54-9A1E7A4F7556}") = "R5T.T0227", "..\..\R5T.T0227\source\R5T.T0227\R5T.T0227.csproj", "{5988BFB4-5FA9-4B8D-B4BD-C3BC8BEAD580}"
EndProject
Project("{9A19103F-16F7-4668-BE54-9A1E7A4F7556}") = "R5T.T0241", "..\..\R5T.T0241\source\R5T.T0241\R5T.T0241.csproj", "{A1AE20D3-7DC8-470B-B747-B88347ADBD6F}"
EndProject
Project("{9A19103F-16F7-4668-BE54-9A1E7A4F7556}") = "R5T.T0252", "..\..\R5T.T0252\source\R5T.T0252\R5T.T0252.csproj", "{42B3825D-A4B7-4B34-B5EB-33F8C09E6113}"
EndProject
Project("{9A19103F-16F7-4668-BE54-9A1E7A4F7556}") = "R5T.Y0000", "..\..\R5T.Y0000\source\R5T.Y0000\R5T.Y0000.csproj", "{F927F749-8629-4ACE-A329-04B68768B649}"
EndProject
Project("{9A19103F-16F7-4668-BE54-9A1E7A4F7556}") = "R5T.Y0006", "..\..\R5T.Y0006\source\R5T.Y0006\R5T.Y0006.csproj", "{6D558687-E4C2-4AB0-8B64-8F0B190EF33C}"
EndProject
Project("{9A19103F-16F7-4668-BE54-9A1E7A4F7556}") = "R5T.Z0000", "..\..\R5T.Z0000\source\R5T.Z0000\R5T.Z0000.csproj", "{41644883-7937-493C-B697-1612909D1B8C}"
EndProject
Project("{9A19103F-16F7-4668-BE54-9A1E7A4F7556}") = "R5T.Z0057.Platform", "..\..\R5T.Z0057\source\R5T.Z0057.Platform\R5T.Z0057.Platform.csproj", "{C21B5B9B-D97E-4412-95D2-A32F28AE5368}"
EndProject
Project("{9A19103F-16F7-4668-BE54-9A1E7A4F7556}") = "R5T.Z0057", "..\..\R5T.Z0057\source\R5T.Z0057\R5T.Z0057.csproj", "{D082952B-DBFF-41FE-8B9A-3BEF70BA94C0}"
EndProject
Project("{9A19103F-16F7-4668-BE54-9A1E7A4F7556}") = "R5T.Z0058", "..\..\R5T.Z0058\source\R5T.Z0058\R5T.Z0058.csproj", "{9BC0AAC9-2FD5-49C1-B0B0-9C5B4748549B}"
EndProject
Project("{9A19103F-16F7-4668-BE54-9A1E7A4F7556}") = "R5T.Z0072.Z000", "..\..\R5T.Z0072\source\R5T.Z0072.Z000\R5T.Z0072.Z000.csproj", "{ED9AF2DE-0C4A-47DA-B221-247DA284E186}"
EndProject
Project("{9A19103F-16F7-4668-BE54-9A1E7A4F7556}") = "R5T.Z0072.Z001", "..\..\R5T.Z0072\source\R5T.Z0072.Z001\R5T.Z0072.Z001.csproj", "{841E8F63-9C59-4A3C-9406-5B4BF0CB4A03}"
EndProject
Project("{9A19103F-16F7-4668-BE54-9A1E7A4F7556}") = "R5T.Z0072.Z002", "..\..\R5T.Z0072\source\R5T.Z0072.Z002\R5T.Z0072.Z002.csproj", "{1F8D938F-0A50-4258-B22D-B552A7BA237E}"
EndProject
Project("{9A19103F-16F7-4668-BE54-9A1E7A4F7556}") = "R5T.Z0072.Z004", "..\..\R5T.Z0072\source\R5T.Z0072.Z004\R5T.Z0072.Z004.csproj", "{7C7FFB79-9494-40F2-904A-B0C923D6F482}"
EndProject
Project("{9A19103F-16F7-4668-BE54-9A1E7A4F7556}") = "R5T.Z0075.Z002", "R5T.Z0075.Z002\R5T.Z0075.Z002.csproj", "{94BCE371-8DA3-4F0C-BA1A-1D410F7B9E19}"
EndProject
Project("{9A19103F-16F7-4668-BE54-9A1E7A4F7556}") = "R5T.T0256.T001", "..\..\R5T.T0256\source\R5T.T0256.T001\R5T.T0256.T001.csproj", "{5C511F14-74D0-480C-9F9E-E483067E7183}"
EndProject
Global
	GlobalSection(NestedProjects) = preSolution
		{BBD8A853-CDB9-4AEE-BEF1-332F4692C5C1} = {308643BA-E7C4-4E24-A262-E975A7F76E4A}
		{F790D83D-1804-4284-8E7A-6532B7BA18B6} = {308643BA-E7C4-4E24-A262-E975A7F76E4A}
		{695317EA-8106-4776-BB62-AEEE215156BC} = {308643BA-E7C4-4E24-A262-E975A7F76E4A}
		{C79CF089-B74C-4397-A2A4-DD0A51535B7B} = {308643BA-E7C4-4E24-A262-E975A7F76E4A}
		{185FD112-B04A-4CF8-9BD7-77D44DE022C5} = {308643BA-E7C4-4E24-A262-E975A7F76E4A}
		{50143865-3010-4AFD-98C6-485D7F2ABF82} = {308643BA-E7C4-4E24-A262-E975A7F76E4A}
		{AFC2DE59-E4F3-469E-A01E-315F77626A1F} = {308643BA-E7C4-4E24-A262-E975A7F76E4A}
		{4904CE24-7DC7-4881-9C48-F4EE7C61CDF7} = {308643BA-E7C4-4E24-A262-E975A7F76E4A}
		{8852895A-1BC6-47B2-A9DD-F76AE2A03FBE} = {308643BA-E7C4-4E24-A262-E975A7F76E4A}
		{D62156BB-F202-40EB-A602-B1EF822EF40D} = {308643BA-E7C4-4E24-A262-E975A7F76E4A}
		{D5EB5A1E-EE6A-4CB7-85CF-0B93706FF7B7} = {308643BA-E7C4-4E24-A262-E975A7F76E4A}
		{215FB127-55EE-4CB9-9915-CA2A6AFDB283} = {308643BA-E7C4-4E24-A262-E975A7F76E4A}
		{C1300532-6BC0-4AC9-B2E0-D6D7CC32C2E5} = {308643BA-E7C4-4E24-A262-E975A7F76E4A}
		{A2ABCC3D-1558-476C-9C17-FF344A9C490B} = {308643BA-E7C4-4E24-A262-E975A7F76E4A}
		{BCB98477-470B-4C9C-BB8B-3F92204D8E3C} = {308643BA-E7C4-4E24-A262-E975A7F76E4A}
		{00CBD0D6-4684-4C45-B6A8-FA5BB33FCD0A} = {308643BA-E7C4-4E24-A262-E975A7F76E4A}
		{2BEACA65-0048-4F27-9263-405AA08AE391} = {308643BA-E7C4-4E24-A262-E975A7F76E4A}
		{9D7188C3-B771-4C66-A0E4-04ED8F9AD138} = {308643BA-E7C4-4E24-A262-E975A7F76E4A}
		{2CA00625-F284-4682-A4F4-61801D4D1903} = {308643BA-E7C4-4E24-A262-E975A7F76E4A}
		{4C3422CC-C72E-4AE5-90A7-5B6D0DE6E85E} = {308643BA-E7C4-4E24-A262-E975A7F76E4A}
		{5EE97ED9-9CB1-4086-AB46-85EF38E46D0B} = {308643BA-E7C4-4E24-A262-E975A7F76E4A}
		{30ED3BF7-AD97-4B8F-9EFB-55759A2B3C20} = {308643BA-E7C4-4E24-A262-E975A7F76E4A}
		{F6133436-D463-4F20-98A5-A57ADAFF3A0A} = {308643BA-E7C4-4E24-A262-E975A7F76E4A}
		{49A05D4C-4141-49A6-B4FA-2DA362B5F96C} = {308643BA-E7C4-4E24-A262-E975A7F76E4A}
		{D188F698-1ACE-4705-A63D-04F041DF5C62} = {308643BA-E7C4-4E24-A262-E975A7F76E4A}
		{7A784984-DF63-4372-A714-30CF573C5D82} = {308643BA-E7C4-4E24-A262-E975A7F76E4A}
		{5E3E76F8-93A8-4319-BF09-CA240F05206F} = {308643BA-E7C4-4E24-A262-E975A7F76E4A}
		{0CB5E510-33A0-498E-A70B-62AAA6881C49} = {308643BA-E7C4-4E24-A262-E975A7F76E4A}
		{C1F3EF51-0C72-484B-9D48-A78EDEA2BC6F} = {308643BA-E7C4-4E24-A262-E975A7F76E4A}
		{2C7736E0-32BF-4B0C-A73A-0F366097FE38} = {308643BA-E7C4-4E24-A262-E975A7F76E4A}
		{668A67CB-D5B6-467A-84D0-A9C3F5C638B4} = {308643BA-E7C4-4E24-A262-E975A7F76E4A}
		{591DE86D-4AF2-4D59-BA17-2A8ADB054434} = {308643BA-E7C4-4E24-A262-E975A7F76E4A}
		{3DAB5A3A-9C1B-4C6A-880A-E769CFEEDB9D} = {308643BA-E7C4-4E24-A262-E975A7F76E4A}
		{2C04A469-3788-413A-9739-A4EA7F0F7688} = {308643BA-E7C4-4E24-A262-E975A7F76E4A}
		{7BA2DE02-7E06-4A27-91C6-CFE0F408B2E3} = {308643BA-E7C4-4E24-A262-E975A7F76E4A}
		{6AF7DAD9-CC6F-490C-86BA-2EEA443350E4} = {308643BA-E7C4-4E24-A262-E975A7F76E4A}
		{0CDCCC28-2060-4EF9-BF40-3784DA37684A} = {308643BA-E7C4-4E24-A262-E975A7F76E4A}
		{D12E18CE-9577-45BA-A820-276B5DD56364} = {308643BA-E7C4-4E24-A262-E975A7F76E4A}
		{A5AC3638-6EE0-42F7-A30F-6E320EFD3C37} = {308643BA-E7C4-4E24-A262-E975A7F76E4A}
		{4EDC8E6E-58CA-445B-80A9-F89F03909B5A} = {308643BA-E7C4-4E24-A262-E975A7F76E4A}
		{032E9A17-87F0-486B-94E7-693656BC0412} = {308643BA-E7C4-4E24-A262-E975A7F76E4A}
		{8F3FCAAD-5FD9-40A9-845A-625864995B37} = {308643BA-E7C4-4E24-A262-E975A7F76E4A}
		{D8AF3CB6-086A-4EEE-8EFC-AF492810D912} = {308643BA-E7C4-4E24-A262-E975A7F76E4A}
		{9809726C-0EF0-4372-88D0-C291E99A9F1E} = {308643BA-E7C4-4E24-A262-E975A7F76E4A}
		{CF172AF4-1DB2-41BF-8632-AC8B02B063CE} = {308643BA-E7C4-4E24-A262-E975A7F76E4A}
		{127FDB70-5778-4998-B328-0D4008426250} = {308643BA-E7C4-4E24-A262-E975A7F76E4A}
		{24DC4833-8255-4B25-BA72-124F9134956B} = {308643BA-E7C4-4E24-A262-E975A7F76E4A}
		{5988BFB4-5FA9-4B8D-B4BD-C3BC8BEAD580} = {308643BA-E7C4-4E24-A262-E975A7F76E4A}
		{A1AE20D3-7DC8-470B-B747-B88347ADBD6F} = {308643BA-E7C4-4E24-A262-E975A7F76E4A}
		{42B3825D-A4B7-4B34-B5EB-33F8C09E6113} = {308643BA-E7C4-4E24-A262-E975A7F76E4A}
		{F927F749-8629-4ACE-A329-04B68768B649} = {308643BA-E7C4-4E24-A262-E975A7F76E4A}
		{6D558687-E4C2-4AB0-8B64-8F0B190EF33C} = {308643BA-E7C4-4E24-A262-E975A7F76E4A}
		{41644883-7937-493C-B697-1612909D1B8C} = {308643BA-E7C4-4E24-A262-E975A7F76E4A}
		{C21B5B9B-D97E-4412-95D2-A32F28AE5368} = {308643BA-E7C4-4E24-A262-E975A7F76E4A}
		{D082952B-DBFF-41FE-8B9A-3BEF70BA94C0} = {308643BA-E7C4-4E24-A262-E975A7F76E4A}
		{9BC0AAC9-2FD5-49C1-B0B0-9C5B4748549B} = {308643BA-E7C4-4E24-A262-E975A7F76E4A}
		{ED9AF2DE-0C4A-47DA-B221-247DA284E186} = {308643BA-E7C4-4E24-A262-E975A7F76E4A}
		{841E8F63-9C59-4A3C-9406-5B4BF0CB4A03} = {308643BA-E7C4-4E24-A262-E975A7F76E4A}
		{1F8D938F-0A50-4258-B22D-B552A7BA237E} = {308643BA-E7C4-4E24-A262-E975A7F76E4A}
		{7C7FFB79-9494-40F2-904A-B0C923D6F482} = {308643BA-E7C4-4E24-A262-E975A7F76E4A}
		{5C511F14-74D0-480C-9F9E-E483067E7183} = {308643BA-E7C4-4E24-A262-E975A7F76E4A}
	EndGlobalSection
	GlobalSection(SolutionConfigurationPlatforms) = preSolution
		Debug|Any CPU = Debug|Any CPU
		Release|Any CPU = Release|Any CPU
	EndGlobalSection
	GlobalSection(ProjectConfigurationPlatforms) = postSolution
		{F811FD51-A792-48B2-9ED2-38C12FFE8C11}.Debug|Any CPU.ActiveCfg = Debug|Any CPU
		{F811FD51-A792-48B2-9ED2-38C12FFE8C11}.Debug|Any CPU.Build.0 = Debug|Any CPU
		{F811FD51-A792-48B2-9ED2-38C12FFE8C11}.Release|Any CPU.ActiveCfg = Release|Any CPU
		{F811FD51-A792-48B2-9ED2-38C12FFE8C11}.Release|Any CPU.Build.0 = Release|Any CPU
		{D3C8EEA0-3881-42F9-AB14-93A88D9DDF67}.Debug|Any CPU.ActiveCfg = Debug|Any CPU
		{D3C8EEA0-3881-42F9-AB14-93A88D9DDF67}.Debug|Any CPU.Build.0 = Debug|Any CPU
		{D3C8EEA0-3881-42F9-AB14-93A88D9DDF67}.Release|Any CPU.ActiveCfg = Release|Any CPU
		{D3C8EEA0-3881-42F9-AB14-93A88D9DDF67}.Release|Any CPU.Build.0 = Release|Any CPU
		{C18E2D28-EB25-42B7-919D-BDEF9031E3A9}.Debug|Any CPU.ActiveCfg = Debug|Any CPU
		{C18E2D28-EB25-42B7-919D-BDEF9031E3A9}.Debug|Any CPU.Build.0 = Debug|Any CPU
		{C18E2D28-EB25-42B7-919D-BDEF9031E3A9}.Release|Any CPU.ActiveCfg = Release|Any CPU
		{C18E2D28-EB25-42B7-919D-BDEF9031E3A9}.Release|Any CPU.Build.0 = Release|Any CPU
		{BBD8A853-CDB9-4AEE-BEF1-332F4692C5C1}.Debug|Any CPU.ActiveCfg = Debug|Any CPU
		{BBD8A853-CDB9-4AEE-BEF1-332F4692C5C1}.Debug|Any CPU.Build.0 = Debug|Any CPU
		{BBD8A853-CDB9-4AEE-BEF1-332F4692C5C1}.Release|Any CPU.ActiveCfg = Release|Any CPU
		{BBD8A853-CDB9-4AEE-BEF1-332F4692C5C1}.Release|Any CPU.Build.0 = Release|Any CPU
		{F790D83D-1804-4284-8E7A-6532B7BA18B6}.Debug|Any CPU.ActiveCfg = Debug|Any CPU
		{F790D83D-1804-4284-8E7A-6532B7BA18B6}.Debug|Any CPU.Build.0 = Debug|Any CPU
		{F790D83D-1804-4284-8E7A-6532B7BA18B6}.Release|Any CPU.ActiveCfg = Release|Any CPU
		{F790D83D-1804-4284-8E7A-6532B7BA18B6}.Release|Any CPU.Build.0 = Release|Any CPU
		{695317EA-8106-4776-BB62-AEEE215156BC}.Debug|Any CPU.ActiveCfg = Debug|Any CPU
		{695317EA-8106-4776-BB62-AEEE215156BC}.Debug|Any CPU.Build.0 = Debug|Any CPU
		{695317EA-8106-4776-BB62-AEEE215156BC}.Release|Any CPU.ActiveCfg = Release|Any CPU
		{695317EA-8106-4776-BB62-AEEE215156BC}.Release|Any CPU.Build.0 = Release|Any CPU
		{C79CF089-B74C-4397-A2A4-DD0A51535B7B}.Debug|Any CPU.ActiveCfg = Debug|Any CPU
		{C79CF089-B74C-4397-A2A4-DD0A51535B7B}.Debug|Any CPU.Build.0 = Debug|Any CPU
		{C79CF089-B74C-4397-A2A4-DD0A51535B7B}.Release|Any CPU.ActiveCfg = Release|Any CPU
		{C79CF089-B74C-4397-A2A4-DD0A51535B7B}.Release|Any CPU.Build.0 = Release|Any CPU
		{185FD112-B04A-4CF8-9BD7-77D44DE022C5}.Debug|Any CPU.ActiveCfg = Debug|Any CPU
		{185FD112-B04A-4CF8-9BD7-77D44DE022C5}.Debug|Any CPU.Build.0 = Debug|Any CPU
		{185FD112-B04A-4CF8-9BD7-77D44DE022C5}.Release|Any CPU.ActiveCfg = Release|Any CPU
		{185FD112-B04A-4CF8-9BD7-77D44DE022C5}.Release|Any CPU.Build.0 = Release|Any CPU
		{50143865-3010-4AFD-98C6-485D7F2ABF82}.Debug|Any CPU.ActiveCfg = Debug|Any CPU
		{50143865-3010-4AFD-98C6-485D7F2ABF82}.Debug|Any CPU.Build.0 = Debug|Any CPU
		{50143865-3010-4AFD-98C6-485D7F2ABF82}.Release|Any CPU.ActiveCfg = Release|Any CPU
		{50143865-3010-4AFD-98C6-485D7F2ABF82}.Release|Any CPU.Build.0 = Release|Any CPU
		{AFC2DE59-E4F3-469E-A01E-315F77626A1F}.Debug|Any CPU.ActiveCfg = Debug|Any CPU
		{AFC2DE59-E4F3-469E-A01E-315F77626A1F}.Debug|Any CPU.Build.0 = Debug|Any CPU
		{AFC2DE59-E4F3-469E-A01E-315F77626A1F}.Release|Any CPU.ActiveCfg = Release|Any CPU
		{AFC2DE59-E4F3-469E-A01E-315F77626A1F}.Release|Any CPU.Build.0 = Release|Any CPU
		{4904CE24-7DC7-4881-9C48-F4EE7C61CDF7}.Debug|Any CPU.ActiveCfg = Debug|Any CPU
		{4904CE24-7DC7-4881-9C48-F4EE7C61CDF7}.Debug|Any CPU.Build.0 = Debug|Any CPU
		{4904CE24-7DC7-4881-9C48-F4EE7C61CDF7}.Release|Any CPU.ActiveCfg = Release|Any CPU
		{4904CE24-7DC7-4881-9C48-F4EE7C61CDF7}.Release|Any CPU.Build.0 = Release|Any CPU
		{8852895A-1BC6-47B2-A9DD-F76AE2A03FBE}.Debug|Any CPU.ActiveCfg = Debug|Any CPU
		{8852895A-1BC6-47B2-A9DD-F76AE2A03FBE}.Debug|Any CPU.Build.0 = Debug|Any CPU
		{8852895A-1BC6-47B2-A9DD-F76AE2A03FBE}.Release|Any CPU.ActiveCfg = Release|Any CPU
		{8852895A-1BC6-47B2-A9DD-F76AE2A03FBE}.Release|Any CPU.Build.0 = Release|Any CPU
		{D62156BB-F202-40EB-A602-B1EF822EF40D}.Debug|Any CPU.ActiveCfg = Debug|Any CPU
		{D62156BB-F202-40EB-A602-B1EF822EF40D}.Debug|Any CPU.Build.0 = Debug|Any CPU
		{D62156BB-F202-40EB-A602-B1EF822EF40D}.Release|Any CPU.ActiveCfg = Release|Any CPU
		{D62156BB-F202-40EB-A602-B1EF822EF40D}.Release|Any CPU.Build.0 = Release|Any CPU
		{D5EB5A1E-EE6A-4CB7-85CF-0B93706FF7B7}.Debug|Any CPU.ActiveCfg = Debug|Any CPU
		{D5EB5A1E-EE6A-4CB7-85CF-0B93706FF7B7}.Debug|Any CPU.Build.0 = Debug|Any CPU
		{D5EB5A1E-EE6A-4CB7-85CF-0B93706FF7B7}.Release|Any CPU.ActiveCfg = Release|Any CPU
		{D5EB5A1E-EE6A-4CB7-85CF-0B93706FF7B7}.Release|Any CPU.Build.0 = Release|Any CPU
		{215FB127-55EE-4CB9-9915-CA2A6AFDB283}.Debug|Any CPU.ActiveCfg = Debug|Any CPU
		{215FB127-55EE-4CB9-9915-CA2A6AFDB283}.Debug|Any CPU.Build.0 = Debug|Any CPU
		{215FB127-55EE-4CB9-9915-CA2A6AFDB283}.Release|Any CPU.ActiveCfg = Release|Any CPU
		{215FB127-55EE-4CB9-9915-CA2A6AFDB283}.Release|Any CPU.Build.0 = Release|Any CPU
		{C1300532-6BC0-4AC9-B2E0-D6D7CC32C2E5}.Debug|Any CPU.ActiveCfg = Debug|Any CPU
		{C1300532-6BC0-4AC9-B2E0-D6D7CC32C2E5}.Debug|Any CPU.Build.0 = Debug|Any CPU
		{C1300532-6BC0-4AC9-B2E0-D6D7CC32C2E5}.Release|Any CPU.ActiveCfg = Release|Any CPU
		{C1300532-6BC0-4AC9-B2E0-D6D7CC32C2E5}.Release|Any CPU.Build.0 = Release|Any CPU
		{A2ABCC3D-1558-476C-9C17-FF344A9C490B}.Debug|Any CPU.ActiveCfg = Debug|Any CPU
		{A2ABCC3D-1558-476C-9C17-FF344A9C490B}.Debug|Any CPU.Build.0 = Debug|Any CPU
		{A2ABCC3D-1558-476C-9C17-FF344A9C490B}.Release|Any CPU.ActiveCfg = Release|Any CPU
		{A2ABCC3D-1558-476C-9C17-FF344A9C490B}.Release|Any CPU.Build.0 = Release|Any CPU
		{BCB98477-470B-4C9C-BB8B-3F92204D8E3C}.Debug|Any CPU.ActiveCfg = Debug|Any CPU
		{BCB98477-470B-4C9C-BB8B-3F92204D8E3C}.Debug|Any CPU.Build.0 = Debug|Any CPU
		{BCB98477-470B-4C9C-BB8B-3F92204D8E3C}.Release|Any CPU.ActiveCfg = Release|Any CPU
		{BCB98477-470B-4C9C-BB8B-3F92204D8E3C}.Release|Any CPU.Build.0 = Release|Any CPU
		{00CBD0D6-4684-4C45-B6A8-FA5BB33FCD0A}.Debug|Any CPU.ActiveCfg = Debug|Any CPU
		{00CBD0D6-4684-4C45-B6A8-FA5BB33FCD0A}.Debug|Any CPU.Build.0 = Debug|Any CPU
		{00CBD0D6-4684-4C45-B6A8-FA5BB33FCD0A}.Release|Any CPU.ActiveCfg = Release|Any CPU
		{00CBD0D6-4684-4C45-B6A8-FA5BB33FCD0A}.Release|Any CPU.Build.0 = Release|Any CPU
		{2BEACA65-0048-4F27-9263-405AA08AE391}.Debug|Any CPU.ActiveCfg = Debug|Any CPU
		{2BEACA65-0048-4F27-9263-405AA08AE391}.Debug|Any CPU.Build.0 = Debug|Any CPU
		{2BEACA65-0048-4F27-9263-405AA08AE391}.Release|Any CPU.ActiveCfg = Release|Any CPU
		{2BEACA65-0048-4F27-9263-405AA08AE391}.Release|Any CPU.Build.0 = Release|Any CPU
		{9D7188C3-B771-4C66-A0E4-04ED8F9AD138}.Debug|Any CPU.ActiveCfg = Debug|Any CPU
		{9D7188C3-B771-4C66-A0E4-04ED8F9AD138}.Debug|Any CPU.Build.0 = Debug|Any CPU
		{9D7188C3-B771-4C66-A0E4-04ED8F9AD138}.Release|Any CPU.ActiveCfg = Release|Any CPU
		{9D7188C3-B771-4C66-A0E4-04ED8F9AD138}.Release|Any CPU.Build.0 = Release|Any CPU
		{2CA00625-F284-4682-A4F4-61801D4D1903}.Debug|Any CPU.ActiveCfg = Debug|Any CPU
		{2CA00625-F284-4682-A4F4-61801D4D1903}.Debug|Any CPU.Build.0 = Debug|Any CPU
		{2CA00625-F284-4682-A4F4-61801D4D1903}.Release|Any CPU.ActiveCfg = Release|Any CPU
		{2CA00625-F284-4682-A4F4-61801D4D1903}.Release|Any CPU.Build.0 = Release|Any CPU
		{4C3422CC-C72E-4AE5-90A7-5B6D0DE6E85E}.Debug|Any CPU.ActiveCfg = Debug|Any CPU
		{4C3422CC-C72E-4AE5-90A7-5B6D0DE6E85E}.Debug|Any CPU.Build.0 = Debug|Any CPU
		{4C3422CC-C72E-4AE5-90A7-5B6D0DE6E85E}.Release|Any CPU.ActiveCfg = Release|Any CPU
		{4C3422CC-C72E-4AE5-90A7-5B6D0DE6E85E}.Release|Any CPU.Build.0 = Release|Any CPU
		{5EE97ED9-9CB1-4086-AB46-85EF38E46D0B}.Debug|Any CPU.ActiveCfg = Debug|Any CPU
		{5EE97ED9-9CB1-4086-AB46-85EF38E46D0B}.Debug|Any CPU.Build.0 = Debug|Any CPU
		{5EE97ED9-9CB1-4086-AB46-85EF38E46D0B}.Release|Any CPU.ActiveCfg = Release|Any CPU
		{5EE97ED9-9CB1-4086-AB46-85EF38E46D0B}.Release|Any CPU.Build.0 = Release|Any CPU
		{30ED3BF7-AD97-4B8F-9EFB-55759A2B3C20}.Debug|Any CPU.ActiveCfg = Debug|Any CPU
		{30ED3BF7-AD97-4B8F-9EFB-55759A2B3C20}.Debug|Any CPU.Build.0 = Debug|Any CPU
		{30ED3BF7-AD97-4B8F-9EFB-55759A2B3C20}.Release|Any CPU.ActiveCfg = Release|Any CPU
		{30ED3BF7-AD97-4B8F-9EFB-55759A2B3C20}.Release|Any CPU.Build.0 = Release|Any CPU
		{F6133436-D463-4F20-98A5-A57ADAFF3A0A}.Debug|Any CPU.ActiveCfg = Debug|Any CPU
		{F6133436-D463-4F20-98A5-A57ADAFF3A0A}.Debug|Any CPU.Build.0 = Debug|Any CPU
		{F6133436-D463-4F20-98A5-A57ADAFF3A0A}.Release|Any CPU.ActiveCfg = Release|Any CPU
		{F6133436-D463-4F20-98A5-A57ADAFF3A0A}.Release|Any CPU.Build.0 = Release|Any CPU
		{49A05D4C-4141-49A6-B4FA-2DA362B5F96C}.Debug|Any CPU.ActiveCfg = Debug|Any CPU
		{49A05D4C-4141-49A6-B4FA-2DA362B5F96C}.Debug|Any CPU.Build.0 = Debug|Any CPU
		{49A05D4C-4141-49A6-B4FA-2DA362B5F96C}.Release|Any CPU.ActiveCfg = Release|Any CPU
		{49A05D4C-4141-49A6-B4FA-2DA362B5F96C}.Release|Any CPU.Build.0 = Release|Any CPU
		{D188F698-1ACE-4705-A63D-04F041DF5C62}.Debug|Any CPU.ActiveCfg = Debug|Any CPU
		{D188F698-1ACE-4705-A63D-04F041DF5C62}.Debug|Any CPU.Build.0 = Debug|Any CPU
		{D188F698-1ACE-4705-A63D-04F041DF5C62}.Release|Any CPU.ActiveCfg = Release|Any CPU
		{D188F698-1ACE-4705-A63D-04F041DF5C62}.Release|Any CPU.Build.0 = Release|Any CPU
		{7A784984-DF63-4372-A714-30CF573C5D82}.Debug|Any CPU.ActiveCfg = Debug|Any CPU
		{7A784984-DF63-4372-A714-30CF573C5D82}.Debug|Any CPU.Build.0 = Debug|Any CPU
		{7A784984-DF63-4372-A714-30CF573C5D82}.Release|Any CPU.ActiveCfg = Release|Any CPU
		{7A784984-DF63-4372-A714-30CF573C5D82}.Release|Any CPU.Build.0 = Release|Any CPU
		{5E3E76F8-93A8-4319-BF09-CA240F05206F}.Debug|Any CPU.ActiveCfg = Debug|Any CPU
		{5E3E76F8-93A8-4319-BF09-CA240F05206F}.Debug|Any CPU.Build.0 = Debug|Any CPU
		{5E3E76F8-93A8-4319-BF09-CA240F05206F}.Release|Any CPU.ActiveCfg = Release|Any CPU
		{5E3E76F8-93A8-4319-BF09-CA240F05206F}.Release|Any CPU.Build.0 = Release|Any CPU
		{0CB5E510-33A0-498E-A70B-62AAA6881C49}.Debug|Any CPU.ActiveCfg = Debug|Any CPU
		{0CB5E510-33A0-498E-A70B-62AAA6881C49}.Debug|Any CPU.Build.0 = Debug|Any CPU
		{0CB5E510-33A0-498E-A70B-62AAA6881C49}.Release|Any CPU.ActiveCfg = Release|Any CPU
		{0CB5E510-33A0-498E-A70B-62AAA6881C49}.Release|Any CPU.Build.0 = Release|Any CPU
		{C1F3EF51-0C72-484B-9D48-A78EDEA2BC6F}.Debug|Any CPU.ActiveCfg = Debug|Any CPU
		{C1F3EF51-0C72-484B-9D48-A78EDEA2BC6F}.Debug|Any CPU.Build.0 = Debug|Any CPU
		{C1F3EF51-0C72-484B-9D48-A78EDEA2BC6F}.Release|Any CPU.ActiveCfg = Release|Any CPU
		{C1F3EF51-0C72-484B-9D48-A78EDEA2BC6F}.Release|Any CPU.Build.0 = Release|Any CPU
		{2C7736E0-32BF-4B0C-A73A-0F366097FE38}.Debug|Any CPU.ActiveCfg = Debug|Any CPU
		{2C7736E0-32BF-4B0C-A73A-0F366097FE38}.Debug|Any CPU.Build.0 = Debug|Any CPU
		{2C7736E0-32BF-4B0C-A73A-0F366097FE38}.Release|Any CPU.ActiveCfg = Release|Any CPU
		{2C7736E0-32BF-4B0C-A73A-0F366097FE38}.Release|Any CPU.Build.0 = Release|Any CPU
		{668A67CB-D5B6-467A-84D0-A9C3F5C638B4}.Debug|Any CPU.ActiveCfg = Debug|Any CPU
		{668A67CB-D5B6-467A-84D0-A9C3F5C638B4}.Debug|Any CPU.Build.0 = Debug|Any CPU
		{668A67CB-D5B6-467A-84D0-A9C3F5C638B4}.Release|Any CPU.ActiveCfg = Release|Any CPU
		{668A67CB-D5B6-467A-84D0-A9C3F5C638B4}.Release|Any CPU.Build.0 = Release|Any CPU
		{591DE86D-4AF2-4D59-BA17-2A8ADB054434}.Debug|Any CPU.ActiveCfg = Debug|Any CPU
		{591DE86D-4AF2-4D59-BA17-2A8ADB054434}.Debug|Any CPU.Build.0 = Debug|Any CPU
		{591DE86D-4AF2-4D59-BA17-2A8ADB054434}.Release|Any CPU.ActiveCfg = Release|Any CPU
		{591DE86D-4AF2-4D59-BA17-2A8ADB054434}.Release|Any CPU.Build.0 = Release|Any CPU
		{3DAB5A3A-9C1B-4C6A-880A-E769CFEEDB9D}.Debug|Any CPU.ActiveCfg = Debug|Any CPU
		{3DAB5A3A-9C1B-4C6A-880A-E769CFEEDB9D}.Debug|Any CPU.Build.0 = Debug|Any CPU
		{3DAB5A3A-9C1B-4C6A-880A-E769CFEEDB9D}.Release|Any CPU.ActiveCfg = Release|Any CPU
		{3DAB5A3A-9C1B-4C6A-880A-E769CFEEDB9D}.Release|Any CPU.Build.0 = Release|Any CPU
		{2C04A469-3788-413A-9739-A4EA7F0F7688}.Debug|Any CPU.ActiveCfg = Debug|Any CPU
		{2C04A469-3788-413A-9739-A4EA7F0F7688}.Debug|Any CPU.Build.0 = Debug|Any CPU
		{2C04A469-3788-413A-9739-A4EA7F0F7688}.Release|Any CPU.ActiveCfg = Release|Any CPU
		{2C04A469-3788-413A-9739-A4EA7F0F7688}.Release|Any CPU.Build.0 = Release|Any CPU
		{7BA2DE02-7E06-4A27-91C6-CFE0F408B2E3}.Debug|Any CPU.ActiveCfg = Debug|Any CPU
		{7BA2DE02-7E06-4A27-91C6-CFE0F408B2E3}.Debug|Any CPU.Build.0 = Debug|Any CPU
		{7BA2DE02-7E06-4A27-91C6-CFE0F408B2E3}.Release|Any CPU.ActiveCfg = Release|Any CPU
		{7BA2DE02-7E06-4A27-91C6-CFE0F408B2E3}.Release|Any CPU.Build.0 = Release|Any CPU
		{6AF7DAD9-CC6F-490C-86BA-2EEA443350E4}.Debug|Any CPU.ActiveCfg = Debug|Any CPU
		{6AF7DAD9-CC6F-490C-86BA-2EEA443350E4}.Debug|Any CPU.Build.0 = Debug|Any CPU
		{6AF7DAD9-CC6F-490C-86BA-2EEA443350E4}.Release|Any CPU.ActiveCfg = Release|Any CPU
		{6AF7DAD9-CC6F-490C-86BA-2EEA443350E4}.Release|Any CPU.Build.0 = Release|Any CPU
		{0CDCCC28-2060-4EF9-BF40-3784DA37684A}.Debug|Any CPU.ActiveCfg = Debug|Any CPU
		{0CDCCC28-2060-4EF9-BF40-3784DA37684A}.Debug|Any CPU.Build.0 = Debug|Any CPU
		{0CDCCC28-2060-4EF9-BF40-3784DA37684A}.Release|Any CPU.ActiveCfg = Release|Any CPU
		{0CDCCC28-2060-4EF9-BF40-3784DA37684A}.Release|Any CPU.Build.0 = Release|Any CPU
		{D12E18CE-9577-45BA-A820-276B5DD56364}.Debug|Any CPU.ActiveCfg = Debug|Any CPU
		{D12E18CE-9577-45BA-A820-276B5DD56364}.Debug|Any CPU.Build.0 = Debug|Any CPU
		{D12E18CE-9577-45BA-A820-276B5DD56364}.Release|Any CPU.ActiveCfg = Release|Any CPU
		{D12E18CE-9577-45BA-A820-276B5DD56364}.Release|Any CPU.Build.0 = Release|Any CPU
		{A5AC3638-6EE0-42F7-A30F-6E320EFD3C37}.Debug|Any CPU.ActiveCfg = Debug|Any CPU
		{A5AC3638-6EE0-42F7-A30F-6E320EFD3C37}.Debug|Any CPU.Build.0 = Debug|Any CPU
		{A5AC3638-6EE0-42F7-A30F-6E320EFD3C37}.Release|Any CPU.ActiveCfg = Release|Any CPU
		{A5AC3638-6EE0-42F7-A30F-6E320EFD3C37}.Release|Any CPU.Build.0 = Release|Any CPU
		{4EDC8E6E-58CA-445B-80A9-F89F03909B5A}.Debug|Any CPU.ActiveCfg = Debug|Any CPU
		{4EDC8E6E-58CA-445B-80A9-F89F03909B5A}.Debug|Any CPU.Build.0 = Debug|Any CPU
		{4EDC8E6E-58CA-445B-80A9-F89F03909B5A}.Release|Any CPU.ActiveCfg = Release|Any CPU
		{4EDC8E6E-58CA-445B-80A9-F89F03909B5A}.Release|Any CPU.Build.0 = Release|Any CPU
		{032E9A17-87F0-486B-94E7-693656BC0412}.Debug|Any CPU.ActiveCfg = Debug|Any CPU
		{032E9A17-87F0-486B-94E7-693656BC0412}.Debug|Any CPU.Build.0 = Debug|Any CPU
		{032E9A17-87F0-486B-94E7-693656BC0412}.Release|Any CPU.ActiveCfg = Release|Any CPU
		{032E9A17-87F0-486B-94E7-693656BC0412}.Release|Any CPU.Build.0 = Release|Any CPU
		{8F3FCAAD-5FD9-40A9-845A-625864995B37}.Debug|Any CPU.ActiveCfg = Debug|Any CPU
		{8F3FCAAD-5FD9-40A9-845A-625864995B37}.Debug|Any CPU.Build.0 = Debug|Any CPU
		{8F3FCAAD-5FD9-40A9-845A-625864995B37}.Release|Any CPU.ActiveCfg = Release|Any CPU
		{8F3FCAAD-5FD9-40A9-845A-625864995B37}.Release|Any CPU.Build.0 = Release|Any CPU
		{D8AF3CB6-086A-4EEE-8EFC-AF492810D912}.Debug|Any CPU.ActiveCfg = Debug|Any CPU
		{D8AF3CB6-086A-4EEE-8EFC-AF492810D912}.Debug|Any CPU.Build.0 = Debug|Any CPU
		{D8AF3CB6-086A-4EEE-8EFC-AF492810D912}.Release|Any CPU.ActiveCfg = Release|Any CPU
		{D8AF3CB6-086A-4EEE-8EFC-AF492810D912}.Release|Any CPU.Build.0 = Release|Any CPU
		{9809726C-0EF0-4372-88D0-C291E99A9F1E}.Debug|Any CPU.ActiveCfg = Debug|Any CPU
		{9809726C-0EF0-4372-88D0-C291E99A9F1E}.Debug|Any CPU.Build.0 = Debug|Any CPU
		{9809726C-0EF0-4372-88D0-C291E99A9F1E}.Release|Any CPU.ActiveCfg = Release|Any CPU
		{9809726C-0EF0-4372-88D0-C291E99A9F1E}.Release|Any CPU.Build.0 = Release|Any CPU
		{CF172AF4-1DB2-41BF-8632-AC8B02B063CE}.Debug|Any CPU.ActiveCfg = Debug|Any CPU
		{CF172AF4-1DB2-41BF-8632-AC8B02B063CE}.Debug|Any CPU.Build.0 = Debug|Any CPU
		{CF172AF4-1DB2-41BF-8632-AC8B02B063CE}.Release|Any CPU.ActiveCfg = Release|Any CPU
		{CF172AF4-1DB2-41BF-8632-AC8B02B063CE}.Release|Any CPU.Build.0 = Release|Any CPU
		{127FDB70-5778-4998-B328-0D4008426250}.Debug|Any CPU.ActiveCfg = Debug|Any CPU
		{127FDB70-5778-4998-B328-0D4008426250}.Debug|Any CPU.Build.0 = Debug|Any CPU
		{127FDB70-5778-4998-B328-0D4008426250}.Release|Any CPU.ActiveCfg = Release|Any CPU
		{127FDB70-5778-4998-B328-0D4008426250}.Release|Any CPU.Build.0 = Release|Any CPU
		{24DC4833-8255-4B25-BA72-124F9134956B}.Debug|Any CPU.ActiveCfg = Debug|Any CPU
		{24DC4833-8255-4B25-BA72-124F9134956B}.Debug|Any CPU.Build.0 = Debug|Any CPU
		{24DC4833-8255-4B25-BA72-124F9134956B}.Release|Any CPU.ActiveCfg = Release|Any CPU
		{24DC4833-8255-4B25-BA72-124F9134956B}.Release|Any CPU.Build.0 = Release|Any CPU
		{5988BFB4-5FA9-4B8D-B4BD-C3BC8BEAD580}.Debug|Any CPU.ActiveCfg = Debug|Any CPU
		{5988BFB4-5FA9-4B8D-B4BD-C3BC8BEAD580}.Debug|Any CPU.Build.0 = Debug|Any CPU
		{5988BFB4-5FA9-4B8D-B4BD-C3BC8BEAD580}.Release|Any CPU.ActiveCfg = Release|Any CPU
		{5988BFB4-5FA9-4B8D-B4BD-C3BC8BEAD580}.Release|Any CPU.Build.0 = Release|Any CPU
		{A1AE20D3-7DC8-470B-B747-B88347ADBD6F}.Debug|Any CPU.ActiveCfg = Debug|Any CPU
		{A1AE20D3-7DC8-470B-B747-B88347ADBD6F}.Debug|Any CPU.Build.0 = Debug|Any CPU
		{A1AE20D3-7DC8-470B-B747-B88347ADBD6F}.Release|Any CPU.ActiveCfg = Release|Any CPU
		{A1AE20D3-7DC8-470B-B747-B88347ADBD6F}.Release|Any CPU.Build.0 = Release|Any CPU
		{42B3825D-A4B7-4B34-B5EB-33F8C09E6113}.Debug|Any CPU.ActiveCfg = Debug|Any CPU
		{42B3825D-A4B7-4B34-B5EB-33F8C09E6113}.Debug|Any CPU.Build.0 = Debug|Any CPU
		{42B3825D-A4B7-4B34-B5EB-33F8C09E6113}.Release|Any CPU.ActiveCfg = Release|Any CPU
		{42B3825D-A4B7-4B34-B5EB-33F8C09E6113}.Release|Any CPU.Build.0 = Release|Any CPU
		{F927F749-8629-4ACE-A329-04B68768B649}.Debug|Any CPU.ActiveCfg = Debug|Any CPU
		{F927F749-8629-4ACE-A329-04B68768B649}.Debug|Any CPU.Build.0 = Debug|Any CPU
		{F927F749-8629-4ACE-A329-04B68768B649}.Release|Any CPU.ActiveCfg = Release|Any CPU
		{F927F749-8629-4ACE-A329-04B68768B649}.Release|Any CPU.Build.0 = Release|Any CPU
		{6D558687-E4C2-4AB0-8B64-8F0B190EF33C}.Debug|Any CPU.ActiveCfg = Debug|Any CPU
		{6D558687-E4C2-4AB0-8B64-8F0B190EF33C}.Debug|Any CPU.Build.0 = Debug|Any CPU
		{6D558687-E4C2-4AB0-8B64-8F0B190EF33C}.Release|Any CPU.ActiveCfg = Release|Any CPU
		{6D558687-E4C2-4AB0-8B64-8F0B190EF33C}.Release|Any CPU.Build.0 = Release|Any CPU
		{41644883-7937-493C-B697-1612909D1B8C}.Debug|Any CPU.ActiveCfg = Debug|Any CPU
		{41644883-7937-493C-B697-1612909D1B8C}.Debug|Any CPU.Build.0 = Debug|Any CPU
		{41644883-7937-493C-B697-1612909D1B8C}.Release|Any CPU.ActiveCfg = Release|Any CPU
		{41644883-7937-493C-B697-1612909D1B8C}.Release|Any CPU.Build.0 = Release|Any CPU
		{C21B5B9B-D97E-4412-95D2-A32F28AE5368}.Debug|Any CPU.ActiveCfg = Debug|Any CPU
		{C21B5B9B-D97E-4412-95D2-A32F28AE5368}.Debug|Any CPU.Build.0 = Debug|Any CPU
		{C21B5B9B-D97E-4412-95D2-A32F28AE5368}.Release|Any CPU.ActiveCfg = Release|Any CPU
		{C21B5B9B-D97E-4412-95D2-A32F28AE5368}.Release|Any CPU.Build.0 = Release|Any CPU
		{D082952B-DBFF-41FE-8B9A-3BEF70BA94C0}.Debug|Any CPU.ActiveCfg = Debug|Any CPU
		{D082952B-DBFF-41FE-8B9A-3BEF70BA94C0}.Debug|Any CPU.Build.0 = Debug|Any CPU
		{D082952B-DBFF-41FE-8B9A-3BEF70BA94C0}.Release|Any CPU.ActiveCfg = Release|Any CPU
		{D082952B-DBFF-41FE-8B9A-3BEF70BA94C0}.Release|Any CPU.Build.0 = Release|Any CPU
		{9BC0AAC9-2FD5-49C1-B0B0-9C5B4748549B}.Debug|Any CPU.ActiveCfg = Debug|Any CPU
		{9BC0AAC9-2FD5-49C1-B0B0-9C5B4748549B}.Debug|Any CPU.Build.0 = Debug|Any CPU
		{9BC0AAC9-2FD5-49C1-B0B0-9C5B4748549B}.Release|Any CPU.ActiveCfg = Release|Any CPU
		{9BC0AAC9-2FD5-49C1-B0B0-9C5B4748549B}.Release|Any CPU.Build.0 = Release|Any CPU
		{ED9AF2DE-0C4A-47DA-B221-247DA284E186}.Debug|Any CPU.ActiveCfg = Debug|Any CPU
		{ED9AF2DE-0C4A-47DA-B221-247DA284E186}.Debug|Any CPU.Build.0 = Debug|Any CPU
		{ED9AF2DE-0C4A-47DA-B221-247DA284E186}.Release|Any CPU.ActiveCfg = Release|Any CPU
		{ED9AF2DE-0C4A-47DA-B221-247DA284E186}.Release|Any CPU.Build.0 = Release|Any CPU
		{841E8F63-9C59-4A3C-9406-5B4BF0CB4A03}.Debug|Any CPU.ActiveCfg = Debug|Any CPU
		{841E8F63-9C59-4A3C-9406-5B4BF0CB4A03}.Debug|Any CPU.Build.0 = Debug|Any CPU
		{841E8F63-9C59-4A3C-9406-5B4BF0CB4A03}.Release|Any CPU.ActiveCfg = Release|Any CPU
		{841E8F63-9C59-4A3C-9406-5B4BF0CB4A03}.Release|Any CPU.Build.0 = Release|Any CPU
		{1F8D938F-0A50-4258-B22D-B552A7BA237E}.Debug|Any CPU.ActiveCfg = Debug|Any CPU
		{1F8D938F-0A50-4258-B22D-B552A7BA237E}.Debug|Any CPU.Build.0 = Debug|Any CPU
		{1F8D938F-0A50-4258-B22D-B552A7BA237E}.Release|Any CPU.ActiveCfg = Release|Any CPU
		{1F8D938F-0A50-4258-B22D-B552A7BA237E}.Release|Any CPU.Build.0 = Release|Any CPU
		{7C7FFB79-9494-40F2-904A-B0C923D6F482}.Debug|Any CPU.ActiveCfg = Debug|Any CPU
		{7C7FFB79-9494-40F2-904A-B0C923D6F482}.Debug|Any CPU.Build.0 = Debug|Any CPU
		{7C7FFB79-9494-40F2-904A-B0C923D6F482}.Release|Any CPU.ActiveCfg = Release|Any CPU
		{7C7FFB79-9494-40F2-904A-B0C923D6F482}.Release|Any CPU.Build.0 = Release|Any CPU
		{94BCE371-8DA3-4F0C-BA1A-1D410F7B9E19}.Debug|Any CPU.ActiveCfg = Debug|Any CPU
		{94BCE371-8DA3-4F0C-BA1A-1D410F7B9E19}.Debug|Any CPU.Build.0 = Debug|Any CPU
		{94BCE371-8DA3-4F0C-BA1A-1D410F7B9E19}.Release|Any CPU.ActiveCfg = Release|Any CPU
		{94BCE371-8DA3-4F0C-BA1A-1D410F7B9E19}.Release|Any CPU.Build.0 = Release|Any CPU
		{5C511F14-74D0-480C-9F9E-E483067E7183}.Debug|Any CPU.ActiveCfg = Debug|Any CPU
		{5C511F14-74D0-480C-9F9E-E483067E7183}.Debug|Any CPU.Build.0 = Debug|Any CPU
		{5C511F14-74D0-480C-9F9E-E483067E7183}.Release|Any CPU.ActiveCfg = Release|Any CPU
		{5C511F14-74D0-480C-9F9E-E483067E7183}.Release|Any CPU.Build.0 = Release|Any CPU
	EndGlobalSection
	GlobalSection(SolutionProperties) = preSolution
		HideSolutionNode = FALSE
	EndGlobalSection
	GlobalSection(ExtensibilityGlobals) = postSolution
		SolutionGuid = {79077F49-0418-40AB-869E-D4B9F81F8C3B}
	EndGlobalSection
EndGlobal
